
Microsoft Visual Studio Solution File, Format Version 12.00
# Visual Studio 15
VisualStudioVersion = 15.0.28307.960
MinimumVisualStudioVersion = 10.0.40219.1
Project("{FAE04EC0-301F-11D3-BF4B-00C04F79EFBC}") = "Decorator", "Decorator\Decorator.csproj", "{1CE08972-F86A-4DD5-9812-AFCC42BD3886}"
EndProject
Project("{FAE04EC0-301F-11D3-BF4B-00C04F79EFBC}") = "DecoratorRealWorld", "DecoratorRealWorld\DecoratorRealWorld.csproj", "{FF755DBB-36E8-4F1F-834D-A6E5202F5E5C}"
EndProject
Global
	GlobalSection(SolutionConfigurationPlatforms) = preSolution
		Debug|Any CPU = Debug|Any CPU
		Release|Any CPU = Release|Any CPU
	EndGlobalSection
	GlobalSection(ProjectConfigurationPlatforms) = postSolution
		{1CE08972-F86A-4DD5-9812-AFCC42BD3886}.Debug|Any CPU.ActiveCfg = Debug|Any CPU
		{1CE08972-F86A-4DD5-9812-AFCC42BD3886}.Debug|Any CPU.Build.0 = Debug|Any CPU
		{1CE08972-F86A-4DD5-9812-AFCC42BD3886}.Release|Any CPU.ActiveCfg = Release|Any CPU
		{1CE08972-F86A-4DD5-9812-AFCC42BD3886}.Release|Any CPU.Build.0 = Release|Any CPU
		{FF755DBB-36E8-4F1F-834D-A6E5202F5E5C}.Debug|Any CPU.ActiveCfg = Debug|Any CPU
		{FF755DBB-36E8-4F1F-834D-A6E5202F5E5C}.Debug|Any CPU.Build.0 = Debug|Any CPU
		{FF755DBB-36E8-4F1F-834D-A6E5202F5E5C}.Release|Any CPU.ActiveCfg = Release|Any CPU
		{FF755DBB-36E8-4F1F-834D-A6E5202F5E5C}.Release|Any CPU.Build.0 = Release|Any CPU
	EndGlobalSection
	GlobalSection(SolutionProperties) = preSolution
		HideSolutionNode = FALSE
	EndGlobalSection
	GlobalSection(ExtensibilityGlobals) = postSolution
		SolutionGuid = {239FC3E2-584E-4610-ADD7-71A0107A4ED5}
	EndGlobalSection
EndGlobal
